
Microsoft Visual Studio Solution File, Format Version 12.00
# Visual Studio Version 16
VisualStudioVersion = 16.0.29911.84
MinimumVisualStudioVersion = 10.0.40219.1
Project("{FAE04EC0-301F-11D3-BF4B-00C04F79EFBC}") = "2021-05-15 - Aula 19 - MVC_I.sln", "2021-05-15 - Aula 19 - MVC_I.sln.csproj", "{F07A5802-0E69-4252-A885-B5AAF72C6B27}"
EndProject
Project("{FAE04EC0-301F-11D3-BF4B-00C04F79EFBC}") = "2021-05-15 - Aula 19 - MVC_II", "..\2021-05-15 - Aula 19 - MVC_II\2021-05-15 - Aula 19 - MVC_II.csproj", "{F10A19C6-A2B5-4DD8-BA4E-97940126D16D}"
EndProject
Project("{FAE04EC0-301F-11D3-BF4B-00C04F79EFBC}") = "2021-05-17 - Aula 19 - MVC_III", "..\2021-05-17 - Aula 19 - MVC_III\2021-05-17 - Aula 19 - MVC_III.csproj", "{CD962463-D861-42EF-B31D-ECE076C587F5}"
EndProject
Global
	GlobalSection(SolutionConfigurationPlatforms) = preSolution
		Debug|Any CPU = Debug|Any CPU
		Release|Any CPU = Release|Any CPU
	EndGlobalSection
	GlobalSection(ProjectConfigurationPlatforms) = postSolution
		{F07A5802-0E69-4252-A885-B5AAF72C6B27}.Debug|Any CPU.ActiveCfg = Debug|Any CPU
		{F07A5802-0E69-4252-A885-B5AAF72C6B27}.Debug|Any CPU.Build.0 = Debug|Any CPU
		{F07A5802-0E69-4252-A885-B5AAF72C6B27}.Release|Any CPU.ActiveCfg = Release|Any CPU
		{F07A5802-0E69-4252-A885-B5AAF72C6B27}.Release|Any CPU.Build.0 = Release|Any CPU
		{F10A19C6-A2B5-4DD8-BA4E-97940126D16D}.Debug|Any CPU.ActiveCfg = Debug|Any CPU
		{F10A19C6-A2B5-4DD8-BA4E-97940126D16D}.Debug|Any CPU.Build.0 = Debug|Any CPU
		{F10A19C6-A2B5-4DD8-BA4E-97940126D16D}.Release|Any CPU.ActiveCfg = Release|Any CPU
		{F10A19C6-A2B5-4DD8-BA4E-97940126D16D}.Release|Any CPU.Build.0 = Release|Any CPU
		{CD962463-D861-42EF-B31D-ECE076C587F5}.Debug|Any CPU.ActiveCfg = Debug|Any CPU
		{CD962463-D861-42EF-B31D-ECE076C587F5}.Debug|Any CPU.Build.0 = Debug|Any CPU
		{CD962463-D861-42EF-B31D-ECE076C587F5}.Release|Any CPU.ActiveCfg = Release|Any CPU
		{CD962463-D861-42EF-B31D-ECE076C587F5}.Release|Any CPU.Build.0 = Release|Any CPU
	EndGlobalSection
	GlobalSection(SolutionProperties) = preSolution
		HideSolutionNode = FALSE
	EndGlobalSection
	GlobalSection(ExtensibilityGlobals) = postSolution
		SolutionGuid = {822295FC-8F96-4EF6-8819-937F752CC699}
	EndGlobalSection
EndGlobal
