
Microsoft Visual Studio Solution File, Format Version 12.00
# Visual Studio Version 16
VisualStudioVersion = 16.0.31019.35
MinimumVisualStudioVersion = 10.0.40219.1
Project("{FAE04EC0-301F-11D3-BF4B-00C04F79EFBC}") = "Aula1", "Aula1\Aula1.csproj", "{764BD17D-29AF-4EC0-9CE1-3CBF72633247}"
EndProject
Project("{FAE04EC0-301F-11D3-BF4B-00C04F79EFBC}") = "Aula2", "Aula2\Aula2.csproj", "{798E2CCA-9B9E-4894-91BE-6EEA1FA4EC84}"
EndProject
Project("{FAE04EC0-301F-11D3-BF4B-00C04F79EFBC}") = "Aula3-Arrays", "Aula3-Arrays\Aula3-Arrays.csproj", "{F6257105-5AF1-4F7C-AC40-72A4C5EF6B50}"
EndProject
Project("{FAE04EC0-301F-11D3-BF4B-00C04F79EFBC}") = "Aula4-Arrays", "Aula4-Arrays-05032021\Aula4-Arrays.csproj", "{68E121B5-0DEB-409D-955C-A377A2164071}"
EndProject
Project("{FAE04EC0-301F-11D3-BF4B-00C04F79EFBC}") = "Aula5-ResolucaoExercicio-Auditorio", "Aula5-ResolucaoExercicio\Aula5-ResolucaoExercicio-Auditorio.csproj", "{39DE7485-F1D2-4D2A-950C-FEF0370C4A00}"
EndProject
Project("{FAE04EC0-301F-11D3-BF4B-00C04F79EFBC}") = "Aula6-Classes", "Aula6-Classes\Aula6-Classes.csproj", "{F4454A9D-33E7-4990-A236-5F01DD11A0D7}"
EndProject
Project("{FAE04EC0-301F-11D3-BF4B-00C04F79EFBC}") = "Extra", "Extra\Extra.csproj", "{57E68302-F8CB-4CD4-BEAA-23878B70CF2D}"
EndProject
Project("{FAE04EC0-301F-11D3-BF4B-00C04F79EFBC}") = "Aula7-Classes-ContaBancaria", "Aula7-Classes\Aula7-Classes-ContaBancaria.csproj", "{9BE1A83E-710A-40AE-A47E-F58C976CFB6F}"
EndProject
Project("{FAE04EC0-301F-11D3-BF4B-00C04F79EFBC}") = "Aula5-ResolucaoExercicio-Auditorio-II", "Aula5-ResolucaoExercicio II\Aula5-ResolucaoExercicio-Auditorio-II.csproj", "{5910768B-A28D-4282-8C20-283794243B47}"
EndProject
Project("{FAE04EC0-301F-11D3-BF4B-00C04F79EFBC}") = "Aula8-Classes", "Aula8-Classes\Aula8-Classes.csproj", "{9E9E932E-DC84-49FD-855A-2C7DCA0B11EE}"
EndProject
Project("{FAE04EC0-301F-11D3-BF4B-00C04F79EFBC}") = "Aula9-UsaDll-Calculadora", "Aula9-UsaDll-Calculadora\Aula9-UsaDll-Calculadora.csproj", "{F6FBBF24-07A9-4DE0-83C5-185CFC9EA8E5}"
EndProject
Project("{FAE04EC0-301F-11D3-BF4B-00C04F79EFBC}") = "Aula9-Dll", "Aula9-Dll\Aula9-Dll.csproj", "{7B6EFFE6-E68B-4FF1-BE87-9C37268C388F}"
EndProject
Project("{FAE04EC0-301F-11D3-BF4B-00C04F79EFBC}") = "Aula9-Exercicio-BancoDLL", "Aula9-Exercicio-BancoDLL\Aula9-Exercicio-BancoDLL.csproj", "{00F95B0E-A2FB-479A-9522-BD8780E57EF8}"
EndProject
Project("{FAE04EC0-301F-11D3-BF4B-00C04F79EFBC}") = "Aula9-UsaDll-ConsoleApp", "Aula9-UsaDll-ConsoleApp\Aula9-UsaDll-ConsoleApp.csproj", "{248521BE-68AE-4AB2-8971-6AFAD65EBBCF}"
EndProject
Project("{FAE04EC0-301F-11D3-BF4B-00C04F79EFBC}") = "Aula10-Heranca", "Aula10-Heranca\Aula10-Heranca.csproj", "{24C76B4A-DE5A-40DF-9F3C-B95E00F68B98}"
EndProject
Project("{FAE04EC0-301F-11D3-BF4B-00C04F79EFBC}") = "Aula11-Exemplo-GereBanco", "Aula11-Exemplo-GereBanco\Aula11-Exemplo-GereBanco.csproj", "{EC9C87EB-F361-403A-B081-90E8658F2BFE}"
EndProject
Project("{FAE04EC0-301F-11D3-BF4B-00C04F79EFBC}") = "Aula11-Heranca-Interfaces", "Aula11-Heranca-Interfaces\Aula11-Heranca-Interfaces.csproj", "{DD98CF6B-8EE8-4168-ABC6-A8D5F28275EF}"
EndProject
Project("{FAE04EC0-301F-11D3-BF4B-00C04F79EFBC}") = "Aula12-HerancaDLL", "Aula12-HerancaDLL\Aula12-HerancaDLL.csproj", "{6041A5F3-4A73-4490-A29A-C850BD74AA56}"
EndProject
Project("{FAE04EC0-301F-11D3-BF4B-00C04F79EFBC}") = "Aula12-UsaHerancaDLL", "Aula12-UsaHerancaDLL\Aula12-UsaHerancaDLL.csproj", "{0EC78FE2-3D28-4DAF-8F3F-3D6CA7795FD8}"
EndProject
Project("{FAE04EC0-301F-11D3-BF4B-00C04F79EFBC}") = "Aula13-Exceptions", "Aula13-Exceptions\Aula13-Exceptions.csproj", "{1E2556B6-4CE0-4A49-A12D-80C0F4ED9D3F}"
EndProject
Project("{FAE04EC0-301F-11D3-BF4B-00C04F79EFBC}") = "Aula14-Collectiions", "Aula14-Collectiions\Aula14-Collectiions.csproj", "{A2E10035-D27E-4C3A-81B7-C18149BBC211}"
EndProject
Project("{FAE04EC0-301F-11D3-BF4B-00C04F79EFBC}") = "Aula14-Collectiions - Folha 12", "Aula14-Collectiions - Folha 12\Aula14-Collectiions - Folha 12.csproj", "{5315C6E3-F67C-4750-B456-E782B94D42E0}"
EndProject
Project("{FAE04EC0-301F-11D3-BF4B-00C04F79EFBC}") = "Aula15-Generics", "Aula15-Generics\Aula15-Generics.csproj", "{69BF5437-09CE-4677-B1A7-BE99A9821CF8}"
EndProject
Project("{FAE04EC0-301F-11D3-BF4B-00C04F79EFBC}") = "Aula15-Generics II", "Aula15-Generics II\Aula15-Generics II.csproj", "{C87B94B4-DE3F-4D9B-82CD-FC49354916DA}"
EndProject
Project("{FAE04EC0-301F-11D3-BF4B-00C04F79EFBC}") = "Aula16-Files", "Aula16-Files\Aula16-Files.csproj", "{7A256250-B535-4BC0-B1FD-5456AB6AA812}"
EndProject
Project("{FAE04EC0-301F-11D3-BF4B-00C04F79EFBC}") = "Aula17-IOC", "Aula17-IOC\Aula17-IOC.csproj", "{2EE79660-593F-4523-8E9D-6D62A12A625E}"
EndProject
Project("{FAE04EC0-301F-11D3-BF4B-00C04F79EFBC}") = "Aula17-SRP", "Aula17-SRP\Aula17-SRP.csproj", "{66BFDEF8-2A98-49A9-896A-7D72428F7BA9}"
EndProject
Project("{FAE04EC0-301F-11D3-BF4B-00C04F79EFBC}") = "Aula17-OC", "Aula17-OC\Aula17-OC.csproj", "{E9C6D5A6-9662-43FA-8379-F1BBC41DD0D9}"
EndProject
Project("{FAE04EC0-301F-11D3-BF4B-00C04F79EFBC}") = "Exercicio Folha 14", "Exercicio Folha 14\Exercicio Folha 14.csproj", "{8A1D66E1-E53D-48B2-9212-EA48BCFE156B}"
EndProject
Project("{FAE04EC0-301F-11D3-BF4B-00C04F79EFBC}") = "Aula18-LINQ", "Aula18-LINQ\Aula18-LINQ.csproj", "{98D5A677-6FE7-4B64-882B-7C25E210A9A5}"
EndProject
Global
	GlobalSection(SolutionConfigurationPlatforms) = preSolution
		Debug|Any CPU = Debug|Any CPU
		Release|Any CPU = Release|Any CPU
	EndGlobalSection
	GlobalSection(ProjectConfigurationPlatforms) = postSolution
		{764BD17D-29AF-4EC0-9CE1-3CBF72633247}.Debug|Any CPU.ActiveCfg = Debug|Any CPU
		{764BD17D-29AF-4EC0-9CE1-3CBF72633247}.Debug|Any CPU.Build.0 = Debug|Any CPU
		{764BD17D-29AF-4EC0-9CE1-3CBF72633247}.Release|Any CPU.ActiveCfg = Release|Any CPU
		{764BD17D-29AF-4EC0-9CE1-3CBF72633247}.Release|Any CPU.Build.0 = Release|Any CPU
		{798E2CCA-9B9E-4894-91BE-6EEA1FA4EC84}.Debug|Any CPU.ActiveCfg = Debug|Any CPU
		{798E2CCA-9B9E-4894-91BE-6EEA1FA4EC84}.Debug|Any CPU.Build.0 = Debug|Any CPU
		{798E2CCA-9B9E-4894-91BE-6EEA1FA4EC84}.Release|Any CPU.ActiveCfg = Release|Any CPU
		{798E2CCA-9B9E-4894-91BE-6EEA1FA4EC84}.Release|Any CPU.Build.0 = Release|Any CPU
		{F6257105-5AF1-4F7C-AC40-72A4C5EF6B50}.Debug|Any CPU.ActiveCfg = Debug|Any CPU
		{F6257105-5AF1-4F7C-AC40-72A4C5EF6B50}.Debug|Any CPU.Build.0 = Debug|Any CPU
		{F6257105-5AF1-4F7C-AC40-72A4C5EF6B50}.Release|Any CPU.ActiveCfg = Release|Any CPU
		{F6257105-5AF1-4F7C-AC40-72A4C5EF6B50}.Release|Any CPU.Build.0 = Release|Any CPU
		{68E121B5-0DEB-409D-955C-A377A2164071}.Debug|Any CPU.ActiveCfg = Debug|Any CPU
		{68E121B5-0DEB-409D-955C-A377A2164071}.Debug|Any CPU.Build.0 = Debug|Any CPU
		{68E121B5-0DEB-409D-955C-A377A2164071}.Release|Any CPU.ActiveCfg = Release|Any CPU
		{68E121B5-0DEB-409D-955C-A377A2164071}.Release|Any CPU.Build.0 = Release|Any CPU
		{39DE7485-F1D2-4D2A-950C-FEF0370C4A00}.Debug|Any CPU.ActiveCfg = Debug|Any CPU
		{39DE7485-F1D2-4D2A-950C-FEF0370C4A00}.Debug|Any CPU.Build.0 = Debug|Any CPU
		{39DE7485-F1D2-4D2A-950C-FEF0370C4A00}.Release|Any CPU.ActiveCfg = Release|Any CPU
		{39DE7485-F1D2-4D2A-950C-FEF0370C4A00}.Release|Any CPU.Build.0 = Release|Any CPU
		{F4454A9D-33E7-4990-A236-5F01DD11A0D7}.Debug|Any CPU.ActiveCfg = Debug|Any CPU
		{F4454A9D-33E7-4990-A236-5F01DD11A0D7}.Debug|Any CPU.Build.0 = Debug|Any CPU
		{F4454A9D-33E7-4990-A236-5F01DD11A0D7}.Release|Any CPU.ActiveCfg = Release|Any CPU
		{F4454A9D-33E7-4990-A236-5F01DD11A0D7}.Release|Any CPU.Build.0 = Release|Any CPU
		{57E68302-F8CB-4CD4-BEAA-23878B70CF2D}.Debug|Any CPU.ActiveCfg = Debug|Any CPU
		{57E68302-F8CB-4CD4-BEAA-23878B70CF2D}.Debug|Any CPU.Build.0 = Debug|Any CPU
		{57E68302-F8CB-4CD4-BEAA-23878B70CF2D}.Release|Any CPU.ActiveCfg = Release|Any CPU
		{57E68302-F8CB-4CD4-BEAA-23878B70CF2D}.Release|Any CPU.Build.0 = Release|Any CPU
		{9BE1A83E-710A-40AE-A47E-F58C976CFB6F}.Debug|Any CPU.ActiveCfg = Debug|Any CPU
		{9BE1A83E-710A-40AE-A47E-F58C976CFB6F}.Debug|Any CPU.Build.0 = Debug|Any CPU
		{9BE1A83E-710A-40AE-A47E-F58C976CFB6F}.Release|Any CPU.ActiveCfg = Release|Any CPU
		{9BE1A83E-710A-40AE-A47E-F58C976CFB6F}.Release|Any CPU.Build.0 = Release|Any CPU
		{5910768B-A28D-4282-8C20-283794243B47}.Debug|Any CPU.ActiveCfg = Debug|Any CPU
		{5910768B-A28D-4282-8C20-283794243B47}.Debug|Any CPU.Build.0 = Debug|Any CPU
		{5910768B-A28D-4282-8C20-283794243B47}.Release|Any CPU.ActiveCfg = Release|Any CPU
		{5910768B-A28D-4282-8C20-283794243B47}.Release|Any CPU.Build.0 = Release|Any CPU
		{9E9E932E-DC84-49FD-855A-2C7DCA0B11EE}.Debug|Any CPU.ActiveCfg = Debug|Any CPU
		{9E9E932E-DC84-49FD-855A-2C7DCA0B11EE}.Debug|Any CPU.Build.0 = Debug|Any CPU
		{9E9E932E-DC84-49FD-855A-2C7DCA0B11EE}.Release|Any CPU.ActiveCfg = Release|Any CPU
		{9E9E932E-DC84-49FD-855A-2C7DCA0B11EE}.Release|Any CPU.Build.0 = Release|Any CPU
		{F6FBBF24-07A9-4DE0-83C5-185CFC9EA8E5}.Debug|Any CPU.ActiveCfg = Debug|Any CPU
		{F6FBBF24-07A9-4DE0-83C5-185CFC9EA8E5}.Debug|Any CPU.Build.0 = Debug|Any CPU
		{F6FBBF24-07A9-4DE0-83C5-185CFC9EA8E5}.Release|Any CPU.ActiveCfg = Release|Any CPU
		{F6FBBF24-07A9-4DE0-83C5-185CFC9EA8E5}.Release|Any CPU.Build.0 = Release|Any CPU
		{7B6EFFE6-E68B-4FF1-BE87-9C37268C388F}.Debug|Any CPU.ActiveCfg = Debug|Any CPU
		{7B6EFFE6-E68B-4FF1-BE87-9C37268C388F}.Debug|Any CPU.Build.0 = Debug|Any CPU
		{7B6EFFE6-E68B-4FF1-BE87-9C37268C388F}.Release|Any CPU.ActiveCfg = Release|Any CPU
		{7B6EFFE6-E68B-4FF1-BE87-9C37268C388F}.Release|Any CPU.Build.0 = Release|Any CPU
		{00F95B0E-A2FB-479A-9522-BD8780E57EF8}.Debug|Any CPU.ActiveCfg = Debug|Any CPU
		{00F95B0E-A2FB-479A-9522-BD8780E57EF8}.Debug|Any CPU.Build.0 = Debug|Any CPU
		{00F95B0E-A2FB-479A-9522-BD8780E57EF8}.Release|Any CPU.ActiveCfg = Release|Any CPU
		{00F95B0E-A2FB-479A-9522-BD8780E57EF8}.Release|Any CPU.Build.0 = Release|Any CPU
		{248521BE-68AE-4AB2-8971-6AFAD65EBBCF}.Debug|Any CPU.ActiveCfg = Debug|Any CPU
		{248521BE-68AE-4AB2-8971-6AFAD65EBBCF}.Debug|Any CPU.Build.0 = Debug|Any CPU
		{248521BE-68AE-4AB2-8971-6AFAD65EBBCF}.Release|Any CPU.ActiveCfg = Release|Any CPU
		{248521BE-68AE-4AB2-8971-6AFAD65EBBCF}.Release|Any CPU.Build.0 = Release|Any CPU
		{24C76B4A-DE5A-40DF-9F3C-B95E00F68B98}.Debug|Any CPU.ActiveCfg = Debug|Any CPU
		{24C76B4A-DE5A-40DF-9F3C-B95E00F68B98}.Debug|Any CPU.Build.0 = Debug|Any CPU
		{24C76B4A-DE5A-40DF-9F3C-B95E00F68B98}.Release|Any CPU.ActiveCfg = Release|Any CPU
		{24C76B4A-DE5A-40DF-9F3C-B95E00F68B98}.Release|Any CPU.Build.0 = Release|Any CPU
		{EC9C87EB-F361-403A-B081-90E8658F2BFE}.Debug|Any CPU.ActiveCfg = Debug|Any CPU
		{EC9C87EB-F361-403A-B081-90E8658F2BFE}.Debug|Any CPU.Build.0 = Debug|Any CPU
		{EC9C87EB-F361-403A-B081-90E8658F2BFE}.Release|Any CPU.ActiveCfg = Release|Any CPU
		{EC9C87EB-F361-403A-B081-90E8658F2BFE}.Release|Any CPU.Build.0 = Release|Any CPU
		{DD98CF6B-8EE8-4168-ABC6-A8D5F28275EF}.Debug|Any CPU.ActiveCfg = Debug|Any CPU
		{DD98CF6B-8EE8-4168-ABC6-A8D5F28275EF}.Debug|Any CPU.Build.0 = Debug|Any CPU
		{DD98CF6B-8EE8-4168-ABC6-A8D5F28275EF}.Release|Any CPU.ActiveCfg = Release|Any CPU
		{DD98CF6B-8EE8-4168-ABC6-A8D5F28275EF}.Release|Any CPU.Build.0 = Release|Any CPU
		{6041A5F3-4A73-4490-A29A-C850BD74AA56}.Debug|Any CPU.ActiveCfg = Debug|Any CPU
		{6041A5F3-4A73-4490-A29A-C850BD74AA56}.Debug|Any CPU.Build.0 = Debug|Any CPU
		{6041A5F3-4A73-4490-A29A-C850BD74AA56}.Release|Any CPU.ActiveCfg = Release|Any CPU
		{6041A5F3-4A73-4490-A29A-C850BD74AA56}.Release|Any CPU.Build.0 = Release|Any CPU
		{0EC78FE2-3D28-4DAF-8F3F-3D6CA7795FD8}.Debug|Any CPU.ActiveCfg = Debug|Any CPU
		{0EC78FE2-3D28-4DAF-8F3F-3D6CA7795FD8}.Debug|Any CPU.Build.0 = Debug|Any CPU
		{0EC78FE2-3D28-4DAF-8F3F-3D6CA7795FD8}.Release|Any CPU.ActiveCfg = Release|Any CPU
		{0EC78FE2-3D28-4DAF-8F3F-3D6CA7795FD8}.Release|Any CPU.Build.0 = Release|Any CPU
		{1E2556B6-4CE0-4A49-A12D-80C0F4ED9D3F}.Debug|Any CPU.ActiveCfg = Debug|Any CPU
		{1E2556B6-4CE0-4A49-A12D-80C0F4ED9D3F}.Debug|Any CPU.Build.0 = Debug|Any CPU
		{1E2556B6-4CE0-4A49-A12D-80C0F4ED9D3F}.Release|Any CPU.ActiveCfg = Release|Any CPU
		{1E2556B6-4CE0-4A49-A12D-80C0F4ED9D3F}.Release|Any CPU.Build.0 = Release|Any CPU
		{A2E10035-D27E-4C3A-81B7-C18149BBC211}.Debug|Any CPU.ActiveCfg = Debug|Any CPU
		{A2E10035-D27E-4C3A-81B7-C18149BBC211}.Debug|Any CPU.Build.0 = Debug|Any CPU
		{A2E10035-D27E-4C3A-81B7-C18149BBC211}.Release|Any CPU.ActiveCfg = Release|Any CPU
		{A2E10035-D27E-4C3A-81B7-C18149BBC211}.Release|Any CPU.Build.0 = Release|Any CPU
		{5315C6E3-F67C-4750-B456-E782B94D42E0}.Debug|Any CPU.ActiveCfg = Debug|Any CPU
		{5315C6E3-F67C-4750-B456-E782B94D42E0}.Debug|Any CPU.Build.0 = Debug|Any CPU
		{5315C6E3-F67C-4750-B456-E782B94D42E0}.Release|Any CPU.ActiveCfg = Release|Any CPU
		{5315C6E3-F67C-4750-B456-E782B94D42E0}.Release|Any CPU.Build.0 = Release|Any CPU
		{69BF5437-09CE-4677-B1A7-BE99A9821CF8}.Debug|Any CPU.ActiveCfg = Debug|Any CPU
		{69BF5437-09CE-4677-B1A7-BE99A9821CF8}.Debug|Any CPU.Build.0 = Debug|Any CPU
		{69BF5437-09CE-4677-B1A7-BE99A9821CF8}.Release|Any CPU.ActiveCfg = Release|Any CPU
		{69BF5437-09CE-4677-B1A7-BE99A9821CF8}.Release|Any CPU.Build.0 = Release|Any CPU
		{C87B94B4-DE3F-4D9B-82CD-FC49354916DA}.Debug|Any CPU.ActiveCfg = Debug|Any CPU
		{C87B94B4-DE3F-4D9B-82CD-FC49354916DA}.Debug|Any CPU.Build.0 = Debug|Any CPU
		{C87B94B4-DE3F-4D9B-82CD-FC49354916DA}.Release|Any CPU.ActiveCfg = Release|Any CPU
		{C87B94B4-DE3F-4D9B-82CD-FC49354916DA}.Release|Any CPU.Build.0 = Release|Any CPU
		{7A256250-B535-4BC0-B1FD-5456AB6AA812}.Debug|Any CPU.ActiveCfg = Debug|Any CPU
		{7A256250-B535-4BC0-B1FD-5456AB6AA812}.Debug|Any CPU.Build.0 = Debug|Any CPU
		{7A256250-B535-4BC0-B1FD-5456AB6AA812}.Release|Any CPU.ActiveCfg = Release|Any CPU
		{7A256250-B535-4BC0-B1FD-5456AB6AA812}.Release|Any CPU.Build.0 = Release|Any CPU
		{2EE79660-593F-4523-8E9D-6D62A12A625E}.Debug|Any CPU.ActiveCfg = Debug|Any CPU
		{2EE79660-593F-4523-8E9D-6D62A12A625E}.Debug|Any CPU.Build.0 = Debug|Any CPU
		{2EE79660-593F-4523-8E9D-6D62A12A625E}.Release|Any CPU.ActiveCfg = Release|Any CPU
		{2EE79660-593F-4523-8E9D-6D62A12A625E}.Release|Any CPU.Build.0 = Release|Any CPU
		{66BFDEF8-2A98-49A9-896A-7D72428F7BA9}.Debug|Any CPU.ActiveCfg = Debug|Any CPU
		{66BFDEF8-2A98-49A9-896A-7D72428F7BA9}.Debug|Any CPU.Build.0 = Debug|Any CPU
		{66BFDEF8-2A98-49A9-896A-7D72428F7BA9}.Release|Any CPU.ActiveCfg = Release|Any CPU
		{66BFDEF8-2A98-49A9-896A-7D72428F7BA9}.Release|Any CPU.Build.0 = Release|Any CPU
		{E9C6D5A6-9662-43FA-8379-F1BBC41DD0D9}.Debug|Any CPU.ActiveCfg = Debug|Any CPU
		{E9C6D5A6-9662-43FA-8379-F1BBC41DD0D9}.Debug|Any CPU.Build.0 = Debug|Any CPU
		{E9C6D5A6-9662-43FA-8379-F1BBC41DD0D9}.Release|Any CPU.ActiveCfg = Release|Any CPU
		{E9C6D5A6-9662-43FA-8379-F1BBC41DD0D9}.Release|Any CPU.Build.0 = Release|Any CPU
		{8A1D66E1-E53D-48B2-9212-EA48BCFE156B}.Debug|Any CPU.ActiveCfg = Debug|Any CPU
		{8A1D66E1-E53D-48B2-9212-EA48BCFE156B}.Debug|Any CPU.Build.0 = Debug|Any CPU
		{8A1D66E1-E53D-48B2-9212-EA48BCFE156B}.Release|Any CPU.ActiveCfg = Release|Any CPU
		{8A1D66E1-E53D-48B2-9212-EA48BCFE156B}.Release|Any CPU.Build.0 = Release|Any CPU
		{98D5A677-6FE7-4B64-882B-7C25E210A9A5}.Debug|Any CPU.ActiveCfg = Debug|Any CPU
		{98D5A677-6FE7-4B64-882B-7C25E210A9A5}.Debug|Any CPU.Build.0 = Debug|Any CPU
		{98D5A677-6FE7-4B64-882B-7C25E210A9A5}.Release|Any CPU.ActiveCfg = Release|Any CPU
		{98D5A677-6FE7-4B64-882B-7C25E210A9A5}.Release|Any CPU.Build.0 = Release|Any CPU
	EndGlobalSection
	GlobalSection(SolutionProperties) = preSolution
		HideSolutionNode = FALSE
	EndGlobalSection
	GlobalSection(ExtensibilityGlobals) = postSolution
		SolutionGuid = {28ED4D28-D12B-46B2-817F-6F1C90C04658}
	EndGlobalSection
EndGlobal
